// !$*UTF8*$!
{
	archiveVersion = 1;
	classes = {};
	objectVersion = 55;
	objects = {

		/* Begin PBXProject section */
		1A2B3C4D5E6F7A8B9C0D1E2F /* Project object */ = {
			isa = PBXProject;
			attributes = {
				LastUpgradeCheck = 1400;
			};
			buildConfigurationList = 2A2B3C4D5E6F7A8B9C0D1E2F /* Build configuration list */;
			compatibilityVersion = "Xcode 14.0";
			developmentRegion = English;
			hasScannedForEncodings = 0;
			mainGroup = 3A2B3C4D5E6F7A8B9C0D1E2F;
			productRefGroup = 4A2B3C4D5E6F7A8B9C0D1E2F;
			projectDirPath = "";
			projectRoot = "";
			targets = (
				5A2B3C4D5E6F7A8B9C0D1E2F /* GolfScores */,
			);
		};
		/* End PBXProject section */

		/* Begin PBXGroup section */
		3A2B3C4D5E6F7A8B9C0D1E2F = {
			isa = PBXGroup;
			children = (
				6A2B3C4D5E6F7A8B9C0D1E2F /* Models */,
				7A2B3C4D5E6F7A8B9C0D1E2F /* Views */,
				8A2B3C4D5E6F7A8B9C0D1E2F /* GolfScoresApp.swift */,
				9A2B3C4D5E6F7A8B9C0D1E2F /* README.md */,
			);
			name = "";
			sourceTree = "<group>";
		};

		6A2B3C4D5E6F7A8B9C0D1E2F = {
			isa = PBXGroup;
			children = (
				AA2B3C4D5E6F7A8B9C0D1E2F /* Round.swift */,
			);
			name = Models;
			sourceTree = "<group>";
		};

		7A2B3C4D5E6F7A8B9C0D1E2F = {
			isa = PBXGroup;
			children = (
				BA2B3C4D5E6F7A8B9C0D1E2F /* ContentView.swift */,
				CA2B3C4D5E6F7A8B9C0D1E2F /* AddRoundView.swift */,
			);
			name = Views;
			sourceTree = "<group>";
		};

		/* End PBXGroup section */

		/* Begin PBXFileReference section */
		8A2B3C4D5E6F7A8B9C0D1E2F = {
			isa = PBXFileReference;
			lastKnownFileType = sourcecode.swift;
			name = GolfScoresApp.swift;
			path = "GolfScoresApp.swift";
			sourceTree = "<group>";
		};

		AA2B3C4D5E6F7A8B9C0D1E2F = {
			isa = PBXFileReference;
			lastKnownFileType = sourcecode.swift;
			name = Round.swift;
			path = "Models/Round.swift";
			sourceTree = "<group>";
		};

		BA2B3C4D5E6F7A8B9C0D1E2F = {
			isa = PBXFileReference;
			lastKnownFileType = sourcecode.swift;
			name = ContentView.swift;
			path = "Views/ContentView.swift";
			sourceTree = "<group>";
		};

		CA2B3C4D5E6F7A8B9C0D1E2F = {
			isa = PBXFileReference;
			lastKnownFileType = sourcecode.swift;
			name = AddRoundView.swift;
			path = "Views/AddRoundView.swift";
			sourceTree = "<group>";
		};

		9A2B3C4D5E6F7A8B9C0D1E2F = {
			isa = PBXFileReference;
			lastKnownFileType = text;
			name = README.md;
			path = "README.md";
			sourceTree = "<group>";
		};

		EA2B3C4D5E6F7A8B9C0D1E2F = {
			isa = PBXFileReference;
			lastKnownFileType = text.plist.xml;
			name = Info.plist;
			path = "Info.plist";
			sourceTree = "<group>";
		};
		/* End PBXFileReference section */

		/* Begin PBXSourcesBuildPhase section */
		DA2B3C4D5E6F7A8B9C0D1E2F = {
			isa = PBXSourcesBuildPhase;
			buildActionMask = 2147483647;
			files = (
				FA2B3C4D5E6F7A8B9C0D1E2F /* GolfScoresApp.swift in Sources */,
				FB2B3C4D5E6F7A8B9C0D1E2F /* Round.swift in Sources */,
				FC2B3C4D5E6F7A8B9C0D1E2F /* ContentView.swift in Sources */,
				FD2B3C4D5E6F7A8B9C0D1E2F /* AddRoundView.swift in Sources */,
			);
			runOnlyForDeploymentPostprocessing = 0;
		};
		/* End PBXSourcesBuildPhase section */

		/* Begin PBXBuildFile section */
		FA2B3C4D5E6F7A8B9C0D1E2F = { isa = PBXBuildFile; fileRef = 8A2B3C4D5E6F7A8B9C0D1E2F; };
		FB2B3C4D5E6F7A8B9C0D1E2F = { isa = PBXBuildFile; fileRef = AA2B3C4D5E6F7A8B9C0D1E2F; };
		FC2B3C4D5E6F7A8B9C0D1E2F = { isa = PBXBuildFile; fileRef = BA2B3C4D5E6F7A8B9C0D1E2F; };
		FD2B3C4D5E6F7A8B9C0D1E2F = { isa = PBXBuildFile; fileRef = CA2B3C4D5E6F7A8B9C0D1E2F; };
		/* End PBXBuildFile section */

		/* Begin PBXNativeTarget section */
		5A2B3C4D5E6F7A8B9C0D1E2F = {
			isa = PBXNativeTarget;
			buildConfigurationList = 6B2B3C4D5E6F7A8B9C0D1E2F /* Build configuration list for target */;
			buildPhases = (
				DA2B3C4D5E6F7A8B9C0D1E2F /* Sources */,
			);
			buildRules = (
			);
			dependencies = (
			);
			name = GolfScores;
			productName = GolfScores;
			productReference = 7B2B3C4D5E6F7A8B9C0D1E2F /* GolfScores.app */;
			productType = "com.apple.product-type.application";
		};
		/* End PBXNativeTarget section */

		/* Begin PBXProductReference section */
		7B2B3C4D5E6F7A8B9C0D1E2F = {
			isa = PBXFileReference;
			lastKnownFileType = wrapper.application;
			name = GolfScores.app;
			path = Products/GolfScores.app;
			sourceTree = "<built_products_dir>";
		};
		/* End PBXProductReference section */

		/* Begin XCBuildConfiguration section */
		8B2B3C4D5E6F7A8B9C0D1E2F = {
			isa = XCBuildConfiguration;
			buildSettings = {
				PRODUCT_NAME = "$(TARGET_NAME)";
				INFOPLIST_FILE = Info.plist;
				SWIFT_VERSION = 5.0;
				IPHONEOS_DEPLOYMENT_TARGET = 15.0;
				TARGETED_DEVICE_FAMILY = "1,2";
			};
			name = Debug;
		};

		9B2B3C4D5E6F7A8B9C0D1E2F = {
			isa = XCBuildConfiguration;
			buildSettings = {
				PRODUCT_NAME = "$(TARGET_NAME)";
				INFOPLIST_FILE = Info.plist;
				SWIFT_VERSION = 5.0;
				IPHONEOS_DEPLOYMENT_TARGET = 15.0;
				TARGETED_DEVICE_FAMILY = "1,2";
			};
			name = Release;
		};
		/* End XCBuildConfiguration section */

		/* Begin XCConfigurationList section */
		2A2B3C4D5E6F7A8B9C0D1E2F = {
			isa = XCConfigurationList;
			buildConfigurations = (
				8B2B3C4D5E6F7A8B9C0D1E2F,
				9B2B3C4D5E6F7A8B9C0D1E2F,
			);
			defaultConfigurationIsVisible = 0;
			defaultConfigurationName = Release;
		};

		6B2B3C4D5E6F7A8B9C0D1E2F = {
			isa = XCConfigurationList;
			buildConfigurations = (
				8B2B3C4D5E6F7A8B9C0D1E2F,
				9B2B3C4D5E6F7A8B9C0D1E2F,
			);
			defaultConfigurationIsVisible = 0;
			defaultConfigurationName = Release;
		};
		/* End XCConfigurationList section */

	};
	rootObject = 1A2B3C4D5E6F7A8B9C0D1E2F /* Project object */;
}
